// !$*UTF8*$!
{
	archiveVersion = 1;
	classes = {
	};
	objectVersion = 46;
	objects = {

/* Begin PBXBuildFile section */
		CB218A121E0A159100758DB4 /* main.m in Sources */ = {isa = PBXBuildFile; fileRef = CB218A111E0A159100758DB4 /* main.m */; };
		CB218A151E0A159100758DB4 /* AppDelegate.m in Sources */ = {isa = PBXBuildFile; fileRef = CB218A141E0A159100758DB4 /* AppDelegate.m */; };
		CB218A181E0A159100758DB4 /* ViewController.m in Sources */ = {isa = PBXBuildFile; fileRef = CB218A171E0A159100758DB4 /* ViewController.m */; };
		CB218A1B1E0A159100758DB4 /* Main.storyboard in Resources */ = {isa = PBXBuildFile; fileRef = CB218A191E0A159100758DB4 /* Main.storyboard */; };
		CB218A1D1E0A159100758DB4 /* Assets.xcassets in Resources */ = {isa = PBXBuildFile; fileRef = CB218A1C1E0A159100758DB4 /* Assets.xcassets */; };
		CB218A201E0A159100758DB4 /* LaunchScreen.storyboard in Resources */ = {isa = PBXBuildFile; fileRef = CB218A1E1E0A159100758DB4 /* LaunchScreen.storyboard */; };
		CB218A2C1E0A164400758DB4 /* UIButton+ImageTitleSpacing.m in Sources */ = {isa = PBXBuildFile; fileRef = CB218A2B1E0A164400758DB4 /* UIButton+ImageTitleSpacing.m */; };
/* End PBXBuildFile section */

/* Begin PBXFileReference section */
		CB218A0D1E0A159100758DB4 /* WxySquareButton.app */ = {isa = PBXFileReference; explicitFileType = wrapper.application; includeInIndex = 0; path = WxySquareButton.app; sourceTree = BUILT_PRODUCTS_DIR; };
		CB218A111E0A159100758DB4 /* main.m */ = {isa = PBXFileReference; lastKnownFileType = sourcecode.c.objc; path = main.m; sourceTree = "<group>"; };
		CB218A131E0A159100758DB4 /* AppDelegate.h */ = {isa = PBXFileReference; lastKnownFileType = sourcecode.c.h; path = AppDelegate.h; sourceTree = "<group>"; };
		CB218A141E0A159100758DB4 /* AppDelegate.m */ = {isa = PBXFileReference; lastKnownFileType = sourcecode.c.objc; path = AppDelegate.m; sourceTree = "<group>"; };
		CB218A161E0A159100758DB4 /* ViewController.h */ = {isa = PBXFileReference; lastKnownFileType = sourcecode.c.h; path = ViewController.h; sourceTree = "<group>"; };
		CB218A171E0A159100758DB4 /* ViewController.m */ = {isa = PBXFileReference; lastKnownFileType = sourcecode.c.objc; path = ViewController.m; sourceTree = "<group>"; };
		CB218A1A1E0A159100758DB4 /* Base */ = {isa = PBXFileReference; lastKnownFileType = file.storyboard; name = Base; path = Base.lproj/Main.storyboard; sourceTree = "<group>"; };
		CB218A1C1E0A159100758DB4 /* Assets.xcassets */ = {isa = PBXFileReference; lastKnownFileType = folder.assetcatalog; path = Assets.xcassets; sourceTree = "<group>"; };
		CB218A1F1E0A159100758DB4 /* Base */ = {isa = PBXFileReference; lastKnownFileType = file.storyboard; name = Base; path = Base.lproj/LaunchScreen.storyboard; sourceTree = "<group>"; };
		CB218A211E0A159100758DB4 /* Info.plist */ = {isa = PBXFileReference; lastKnownFileType = text.plist.xml; path = Info.plist; sourceTree = "<group>"; };
		CB218A2A1E0A164400758DB4 /* UIButton+ImageTitleSpacing.h */ = {isa = PBXFileReference; fileEncoding = 4; lastKnownFileType = sourcecode.c.h; path = "UIButton+ImageTitleSpacing.h"; sourceTree = "<group>"; };
		CB218A2B1E0A164400758DB4 /* UIButton+ImageTitleSpacing.m */ = {isa = PBXFileReference; fileEncoding = 4; lastKnownFileType = sourcecode.c.objc; path = "UIButton+ImageTitleSpacing.m"; sourceTree = "<group>"; };
/* End PBXFileReference section */

/* Begin PBXFrameworksBuildPhase section */
		CB218A0A1E0A159100758DB4 /* Frameworks */ = {
			isa = PBXFrameworksBuildPhase;
			buildActionMask = 2147483647;
			files = (
			);
			runOnlyForDeploymentPostprocessing = 0;
		};
/* End PBXFrameworksBuildPhase section */

/* Begin PBXGroup section */
		CB218A041E0A159100758DB4 = {
			isa = PBXGroup;
			children = (
				CB218A0F1E0A159100758DB4 /* WxySquareButton */,
				CB218A0E1E0A159100758DB4 /* Products */,
			);
			sourceTree = "<group>";
		};
		CB218A0E1E0A159100758DB4 /* Products */ = {
			isa = PBXGroup;
			children = (
				CB218A0D1E0A159100758DB4 /* WxySquareButton.app */,
			);
			name = Products;
			sourceTree = "<group>";
		};
		CB218A0F1E0A159100758DB4 /* WxySquareButton */ = {
			isa = PBXGroup;
			children = (
				CB218A131E0A159100758DB4 /* AppDelegate.h */,
				CB218A141E0A159100758DB4 /* AppDelegate.m */,
				CB218A161E0A159100758DB4 /* ViewController.h */,
				CB218A171E0A159100758DB4 /* ViewController.m */,
				CB218A2A1E0A164400758DB4 /* UIButton+ImageTitleSpacing.h */,
				CB218A2B1E0A164400758DB4 /* UIButton+ImageTitleSpacing.m */,
				CB218A191E0A159100758DB4 /* Main.storyboard */,
				CB218A1C1E0A159100758DB4 /* Assets.xcassets */,
				CB218A1E1E0A159100758DB4 /* LaunchScreen.storyboard */,
				CB218A211E0A159100758DB4 /* Info.plist */,
				CB218A101E0A159100758DB4 /* Supporting Files */,
			);
			path = WxySquareButton;
			sourceTree = "<group>";
		};
		CB218A101E0A159100758DB4 /* Supporting Files */ = {
			isa = PBXGroup;
			children = (
				CB218A111E0A159100758DB4 /* main.m */,
			);
			name = "Supporting Files";
			sourceTree = "<group>";
		};
/* End PBXGroup section */

/* Begin PBXNativeTarget section */
		CB218A0C1E0A159100758DB4 /* WxySquareButton */ = {
			isa = PBXNativeTarget;
			buildConfigurationList = CB218A241E0A159100758DB4 /* Build configuration list for PBXNativeTarget "WxySquareButton" */;
			buildPhases = (
				CB218A091E0A159100758DB4 /* Sources */,
				CB218A0A1E0A159100758DB4 /* Frameworks */,
				CB218A0B1E0A159100758DB4 /* Resources */,
			);
			buildRules = (
			);
			dependencies = (
			);
			name = WxySquareButton;
			productName = WxySquareButton;
			productReference = CB218A0D1E0A159100758DB4 /* WxySquareButton.app */;
			productType = "com.apple.product-type.application";
		};
/* End PBXNativeTarget section */

/* Begin PBXProject section */
		CB218A051E0A159100758DB4 /* Project object */ = {
			isa = PBXProject;
			attributes = {
				LastUpgradeCheck = 0820;
				ORGANIZATIONNAME = "王馨仪";
				TargetAttributes = {
					CB218A0C1E0A159100758DB4 = {
						CreatedOnToolsVersion = 8.2;
						DevelopmentTeam = 9NPKT4MF7L;
						ProvisioningStyle = Automatic;
					};
				};
			};
			buildConfigurationList = CB218A081E0A159100758DB4 /* Build configuration list for PBXProject "WxySquareButton" */;
			compatibilityVersion = "Xcode 3.2";
			developmentRegion = English;
			hasScannedForEncodings = 0;
			knownRegions = (
				en,
				Base,
			);
			mainGroup = CB218A041E0A159100758DB4;
			productRefGroup = CB218A0E1E0A159100758DB4 /* Products */;
			projectDirPath = "";
			projectRoot = "";
			targets = (
				CB218A0C1E0A159100758DB4 /* WxySquareButton */,
			);
		};
/* End PBXProject section */

/* Begin PBXResourcesBuildPhase section */
		CB218A0B1E0A159100758DB4 /* Resources */ = {
			isa = PBXResourcesBuildPhase;
			buildActionMask = 2147483647;
			files = (
				CB218A201E0A159100758DB4 /* LaunchScreen.storyboard in Resources */,
				CB218A1D1E0A159100758DB4 /* Assets.xcassets in Resources */,
				CB218A1B1E0A159100758DB4 /* Main.storyboard in Resources */,
			);
			runOnlyForDeploymentPostprocessing = 0;
		};
/* End PBXResourcesBuildPhase section */

/* Begin PBXSourcesBuildPhase section */
		CB218A091E0A159100758DB4 /* Sources */ = {
			isa = PBXSourcesBuildPhase;
			buildActionMask = 2147483647;
			files = (
				CB218A181E0A159100758DB4 /* ViewController.m in Sources */,
				CB218A151E0A159100758DB4 /* AppDelegate.m in Sources */,
				CB218A2C1E0A164400758DB4 /* UIButton+ImageTitleSpacing.m in Sources */,
				CB218A121E0A159100758DB4 /* main.m in Sources */,
			);
			runOnlyForDeploymentPostprocessing = 0;
		};
/* End PBXSourcesBuildPhase section */

/* Begin PBXVariantGroup section */
		CB218A191E0A159100758DB4 /* Main.storyboard */ = {
			isa = PBXVariantGroup;
			children = (
				CB218A1A1E0A159100758DB4 /* Base */,
			);
			name = Main.storyboard;
			sourceTree = "<group>";
		};
		CB218A1E1E0A159100758DB4 /* LaunchScreen.storyboard */ = {
			isa = PBXVariantGroup;
			children = (
				CB218A1F1E0A159100758DB4 /* Base */,
			);
			name = LaunchScreen.storyboard;
			sourceTree = "<group>";
		};
/* End PBXVariantGroup section */

/* Begin XCBuildConfiguration section */
		CB218A221E0A159100758DB4 /* Debug */ = {
			isa = XCBuildConfiguration;
			buildSettings = {
				ALWAYS_SEARCH_USER_PATHS = NO;
				CLANG_ANALYZER_NONNULL = YES;
				CLANG_CXX_LANGUAGE_STANDARD = "gnu++0x";
				CLANG_CXX_LIBRARY = "libc++";
				CLANG_ENABLE_MODULES = YES;
				CLANG_ENABLE_OBJC_ARC = YES;
				CLANG_WARN_BOOL_CONVERSION = YES;
				CLANG_WARN_CONSTANT_CONVERSION = YES;
				CLANG_WARN_DIRECT_OBJC_ISA_USAGE = YES_ERROR;
				CLANG_WARN_DOCUMENTATION_COMMENTS = YES;
				CLANG_WARN_EMPTY_BODY = YES;
				CLANG_WARN_ENUM_CONVERSION = YES;
				CLANG_WARN_INFINITE_RECURSION = YES;
				CLANG_WARN_INT_CONVERSION = YES;
				CLANG_WARN_OBJC_ROOT_CLASS = YES_ERROR;
				CLANG_WARN_SUSPICIOUS_MOVE = YES;
				CLANG_WARN_UNREACHABLE_CODE = YES;
				CLANG_WARN__DUPLICATE_METHOD_MATCH = YES;
				"CODE_SIGN_IDENTITY[sdk=iphoneos*]" = "iPhone Developer";
				COPY_PHASE_STRIP = NO;
				DEBUG_INFORMATION_FORMAT = dwarf;
				ENABLE_STRICT_OBJC_MSGSEND = YES;
				ENABLE_TESTABILITY = YES;
				GCC_C_LANGUAGE_STANDARD = gnu99;
				GCC_DYNAMIC_NO_PIC = NO;
				GCC_NO_COMMON_BLOCKS = YES;
				GCC_OPTIMIZATION_LEVEL = 0;
				GCC_PREPROCESSOR_DEFINITIONS = (
					"DEBUG=1",
					"$(inherited)",
				);
				GCC_WARN_64_TO_32_BIT_CONVERSION = YES;
				GCC_WARN_ABOUT_RETURN_TYPE = YES_ERROR;
				GCC_WARN_UNDECLARED_SELECTOR = YES;
				GCC_WARN_UNINITIALIZED_AUTOS = YES_AGGRESSIVE;
				GCC_WARN_UNUSED_FUNCTION = YES;
				GCC_WARN_UNUSED_VARIABLE = YES;
				IPHONEOS_DEPLOYMENT_TARGET = 10.2;
				MTL_ENABLE_DEBUG_INFO = YES;
				ONLY_ACTIVE_ARCH = YES;
				SDKROOT = iphoneos;
			};
			name = Debug;
		};
		CB218A231E0A159100758DB4 /* Release */ = {
			isa = XCBuildConfiguration;
			buildSettings = {
				ALWAYS_SEARCH_USER_PATHS = NO;
				CLANG_ANALYZER_NONNULL = YES;
				CLANG_CXX_LANGUAGE_STANDARD = "gnu++0x";
				CLANG_CXX_LIBRARY = "libc++";
				CLANG_ENABLE_MODULES = YES;
				CLANG_ENABLE_OBJC_ARC = YES;
				CLANG_WARN_BOOL_CONVERSION = YES;
				CLANG_WARN_CONSTANT_CONVERSION = YES;
				CLANG_WARN_DIRECT_OBJC_ISA_USAGE = YES_ERROR;
				CLANG_WARN_DOCUMENTATION_COMMENTS = YES;
				CLANG_WARN_EMPTY_BODY = YES;
				CLANG_WARN_ENUM_CONVERSION = YES;
				CLANG_WARN_INFINITE_RECURSION = YES;
				CLANG_WARN_INT_CONVERSION = YES;
				CLANG_WARN_OBJC_ROOT_CLASS = YES_ERROR;
				CLANG_WARN_SUSPICIOUS_MOVE = YES;
				CLANG_WARN_UNREACHABLE_CODE = YES;
				CLANG_WARN__DUPLICATE_METHOD_MATCH = YES;
				"CODE_SIGN_IDENTITY[sdk=iphoneos*]" = "iPhone Developer";
				COPY_PHASE_STRIP = NO;
				DEBUG_INFORMATION_FORMAT = "dwarf-with-dsym";
				ENABLE_NS_ASSERTIONS = NO;
				ENABLE_STRICT_OBJC_MSGSEND = YES;
				GCC_C_LANGUAGE_STANDARD = gnu99;
				GCC_NO_COMMON_BLOCKS = YES;
				GCC_WARN_64_TO_32_BIT_CONVERSION = YES;
				GCC_WARN_ABOUT_RETURN_TYPE = YES_ERROR;
				GCC_WARN_UNDECLARED_SELECTOR = YES;
				GCC_WARN_UNINITIALIZED_AUTOS = YES_AGGRESSIVE;
				GCC_WARN_UNUSED_FUNCTION = YES;
				GCC_WARN_UNUSED_VARIABLE = YES;
				IPHONEOS_DEPLOYMENT_TARGET = 10.2;
				MTL_ENABLE_DEBUG_INFO = NO;
				SDKROOT = iphoneos;
				VALIDATE_PRODUCT = YES;
			};
			name = Release;
		};
		CB218A251E0A159100758DB4 /* Debug */ = {
			isa = XCBuildConfiguration;
			buildSettings = {
				ASSETCATALOG_COMPILER_APPICON_NAME = AppIcon;
				DEVELOPMENT_TEAM = 9NPKT4MF7L;
				INFOPLIST_FILE = WxySquareButton/Info.plist;
				LD_RUNPATH_SEARCH_PATHS = "$(inherited) @executable_path/Frameworks";
				PRODUCT_BUNDLE_IDENTIFIER = wxy.WxySquareButton;
				PRODUCT_NAME = "$(TARGET_NAME)";
			};
			name = Debug;
		};
		CB218A261E0A159100758DB4 /* Release */ = {
			isa = XCBuildConfiguration;
			buildSettings = {
				ASSETCATALOG_COMPILER_APPICON_NAME = AppIcon;
				DEVELOPMENT_TEAM = 9NPKT4MF7L;
				INFOPLIST_FILE = WxySquareButton/Info.plist;
				LD_RUNPATH_SEARCH_PATHS = "$(inherited) @executable_path/Frameworks";
				PRODUCT_BUNDLE_IDENTIFIER = wxy.WxySquareButton;
				PRODUCT_NAME = "$(TARGET_NAME)";
			};
			name = Release;
		};
/* End XCBuildConfiguration section */

/* Begin XCConfigurationList section */
		CB218A081E0A159100758DB4 /* Build configuration list for PBXProject "WxySquareButton" */ = {
			isa = XCConfigurationList;
			buildConfigurations = (
				CB218A221E0A159100758DB4 /* Debug */,
				CB218A231E0A159100758DB4 /* Release */,
			);
			defaultConfigurationIsVisible = 0;
			defaultConfigurationName = Release;
		};
		CB218A241E0A159100758DB4 /* Build configuration list for PBXNativeTarget "WxySquareButton" */ = {
			isa = XCConfigurationList;
			buildConfigurations = (
				CB218A251E0A159100758DB4 /* Debug */,
				CB218A261E0A159100758DB4 /* Release */,
			);
			defaultConfigurationIsVisible = 0;
		};
/* End XCConfigurationList section */
	};
	rootObject = CB218A051E0A159100758DB4 /* Project object */;
}
